{
  "name": "h6hive",
  "version": "0.1.0",
  "lockfileVersion": 1,
  "requires": true,
  "dependencies": {
    "@types/assert": {
      "version": "1.5.4",
      "resolved": "https://registry.npmjs.org/@types/assert/-/assert-1.5.4.tgz",
      "integrity": "sha512-CaFVW21Ulu0J9sUaEWJjwmhkDkeoxa4fniVSERzZC13sU9v8NNM2lMlkfZZv60j47D+qDt0Lyo8skVP3CTXUdA==",
      "dev": true
    },
    "@types/node": {
      "version": "14.14.33",
      "resolved": "https://registry.npmjs.org/@types/node/-/node-14.14.33.tgz",
      "integrity": "sha512-oJqcTrgPUF29oUP8AsUqbXGJNuPutsetaa9kTQAQce5Lx5dTYWV02ScBiT/k1BX/Z7pKeqedmvp39Wu4zR7N7g==",
      "dev": true
    }
  }
}
